
Microsoft Visual Studio Solution File, Format Version 12.00
# Visual Studio Version 16
VisualStudioVersion = 16.0.32228.343
MinimumVisualStudioVersion = 10.0.40219.1
Project("{FAE04EC0-301F-11D3-BF4B-00C04F79EFBC}") = "TheObjectOfYourAffection", "TheObjectOfYourAffection\TheObjectOfYourAffection.csproj", "{6335C020-11D8-4C5B-A1C4-18458BFDA78C}"
EndProject
Global
	GlobalSection(SolutionConfigurationPlatforms) = preSolution
		Debug|Any CPU = Debug|Any CPU
		Release|Any CPU = Release|Any CPU
	EndGlobalSection
	GlobalSection(ProjectConfigurationPlatforms) = postSolution
		{6335C020-11D8-4C5B-A1C4-18458BFDA78C}.Debug|Any CPU.ActiveCfg = Debug|Any CPU
		{6335C020-11D8-4C5B-A1C4-18458BFDA78C}.Debug|Any CPU.Build.0 = Debug|Any CPU
		{6335C020-11D8-4C5B-A1C4-18458BFDA78C}.Release|Any CPU.ActiveCfg = Release|Any CPU
		{6335C020-11D8-4C5B-A1C4-18458BFDA78C}.Release|Any CPU.Build.0 = Release|Any CPU
	EndGlobalSection
	GlobalSection(SolutionProperties) = preSolution
		HideSolutionNode = FALSE
	EndGlobalSection
	GlobalSection(ExtensibilityGlobals) = postSolution
		SolutionGuid = {2D95FF6C-1062-4529-9640-FECD1D39215F}
	EndGlobalSection
EndGlobal
